
Microsoft Visual Studio Solution File, Format Version 12.00
# Visual Studio Version 17
VisualStudioVersion = 17.1.32421.90
MinimumVisualStudioVersion = 10.0.40219.1
Project("{9A19103F-16F7-4668-BE54-9A1E7A4F7556}") = "VirtualCockpit.Lib", "VirtualCockpit.Lib\VirtualCockpit.Lib.csproj", "{96848221-79E9-4DB2-9320-D765B2AF3326}"
EndProject
Project("{9A19103F-16F7-4668-BE54-9A1E7A4F7556}") = "VirtualCockpit.SocksForms", "VirtualCockpit.SocksForms\VirtualCockpit.SocksForms.csproj", "{40C83B7A-9D74-46B0-A895-2954FAF76E0C}"
EndProject
Global
	GlobalSection(SolutionConfigurationPlatforms) = preSolution
		Debug|Any CPU = Debug|Any CPU
		Debug|x64 = Debug|x64
		Release|Any CPU = Release|Any CPU
		Release|x64 = Release|x64
	EndGlobalSection
	GlobalSection(ProjectConfigurationPlatforms) = postSolution
		{96848221-79E9-4DB2-9320-D765B2AF3326}.Debug|Any CPU.ActiveCfg = Debug|Any CPU
		{96848221-79E9-4DB2-9320-D765B2AF3326}.Debug|Any CPU.Build.0 = Debug|Any CPU
		{96848221-79E9-4DB2-9320-D765B2AF3326}.Debug|x64.ActiveCfg = Debug|Any CPU
		{96848221-79E9-4DB2-9320-D765B2AF3326}.Debug|x64.Build.0 = Debug|Any CPU
		{96848221-79E9-4DB2-9320-D765B2AF3326}.Release|Any CPU.ActiveCfg = Release|Any CPU
		{96848221-79E9-4DB2-9320-D765B2AF3326}.Release|Any CPU.Build.0 = Release|Any CPU
		{96848221-79E9-4DB2-9320-D765B2AF3326}.Release|x64.ActiveCfg = Release|Any CPU
		{96848221-79E9-4DB2-9320-D765B2AF3326}.Release|x64.Build.0 = Release|Any CPU
		{40C83B7A-9D74-46B0-A895-2954FAF76E0C}.Debug|Any CPU.ActiveCfg = Debug|Any CPU
		{40C83B7A-9D74-46B0-A895-2954FAF76E0C}.Debug|Any CPU.Build.0 = Debug|Any CPU
		{40C83B7A-9D74-46B0-A895-2954FAF76E0C}.Debug|x64.ActiveCfg = Debug|Any CPU
		{40C83B7A-9D74-46B0-A895-2954FAF76E0C}.Debug|x64.Build.0 = Debug|Any CPU
		{40C83B7A-9D74-46B0-A895-2954FAF76E0C}.Release|Any CPU.ActiveCfg = Release|Any CPU
		{40C83B7A-9D74-46B0-A895-2954FAF76E0C}.Release|Any CPU.Build.0 = Release|Any CPU
		{40C83B7A-9D74-46B0-A895-2954FAF76E0C}.Release|x64.ActiveCfg = Release|Any CPU
		{40C83B7A-9D74-46B0-A895-2954FAF76E0C}.Release|x64.Build.0 = Release|Any CPU
	EndGlobalSection
	GlobalSection(SolutionProperties) = preSolution
		HideSolutionNode = FALSE
	EndGlobalSection
	GlobalSection(ExtensibilityGlobals) = postSolution
		SolutionGuid = {C92D57A3-2828-4C3E-B0CD-1E8BEF2C8294}
	EndGlobalSection
EndGlobal
